// !$*UTF8*$!
{
	archiveVersion = 1;
	classes = {
	};
	objectVersion = 46;
	objects = {

/* Begin PBXBuildFile section */
		412AE65E1D4F3EC500E80C6C /* PlutoLog.m in Sources */ = {isa = PBXBuildFile; fileRef = 412AE65D1D4F3EC500E80C6C /* PlutoLog.m */; };
		415227621DB5CB17005C387B /* gif.jpg in Resources */ = {isa = PBXBuildFile; fileRef = 4152275F1DB5CB17005C387B /* gif.jpg */; };
		415227631DB5CB17005C387B /* jpg.JPG in Resources */ = {isa = PBXBuildFile; fileRef = 415227601DB5CB17005C387B /* jpg.JPG */; };
		415227641DB5CB17005C387B /* png.png in Resources */ = {isa = PBXBuildFile; fileRef = 415227611DB5CB17005C387B /* png.png */; };
		41785AB41CCDEBB500F1D680 /* main.m in Sources */ = {isa = PBXBuildFile; fileRef = 41785AB31CCDEBB500F1D680 /* main.m */; };
		41785ABD1CCDEBB500F1D680 /* Main.storyboard in Resources */ = {isa = PBXBuildFile; fileRef = 41785ABB1CCDEBB500F1D680 /* Main.storyboard */; };
		41785ABF1CCDEBB500F1D680 /* Assets.xcassets in Resources */ = {isa = PBXBuildFile; fileRef = 41785ABE1CCDEBB500F1D680 /* Assets.xcassets */; };
		41785AC21CCDEBB500F1D680 /* LaunchScreen.storyboard in Resources */ = {isa = PBXBuildFile; fileRef = 41785AC01CCDEBB500F1D680 /* LaunchScreen.storyboard */; };
		41785ACF1CCDECD000F1D680 /* MDMAppDelegate.m in Sources */ = {isa = PBXBuildFile; fileRef = 41785ACE1CCDECD000F1D680 /* MDMAppDelegate.m */; };
		41785AD21CCDED1800F1D680 /* MDMRootVC.m in Sources */ = {isa = PBXBuildFile; fileRef = 41785AD11CCDED1800F1D680 /* MDMRootVC.m */; };
		41785AD51CCDF0EC00F1D680 /* Pluto.m in Sources */ = {isa = PBXBuildFile; fileRef = 41785AD41CCDF0EC00F1D680 /* Pluto.m */; };
/* End PBXBuildFile section */

/* Begin PBXFileReference section */
		412AE65C1D4F3EC500E80C6C /* PlutoLog.h */ = {isa = PBXFileReference; fileEncoding = 4; lastKnownFileType = sourcecode.c.h; path = PlutoLog.h; sourceTree = "<group>"; };
		412AE65D1D4F3EC500E80C6C /* PlutoLog.m */ = {isa = PBXFileReference; fileEncoding = 4; lastKnownFileType = sourcecode.c.objc; path = PlutoLog.m; sourceTree = "<group>"; };
		4152275F1DB5CB17005C387B /* gif.jpg */ = {isa = PBXFileReference; lastKnownFileType = image.jpeg; path = gif.jpg; sourceTree = "<group>"; };
		415227601DB5CB17005C387B /* jpg.JPG */ = {isa = PBXFileReference; lastKnownFileType = image.jpeg; path = jpg.JPG; sourceTree = "<group>"; };
		415227611DB5CB17005C387B /* png.png */ = {isa = PBXFileReference; lastKnownFileType = image.png; path = png.png; sourceTree = "<group>"; };
		41785AAF1CCDEBB500F1D680 /* PlutoExample.app */ = {isa = PBXFileReference; explicitFileType = wrapper.application; includeInIndex = 0; path = PlutoExample.app; sourceTree = BUILT_PRODUCTS_DIR; };
		41785AB31CCDEBB500F1D680 /* main.m */ = {isa = PBXFileReference; lastKnownFileType = sourcecode.c.objc; path = main.m; sourceTree = "<group>"; };
		41785ABC1CCDEBB500F1D680 /* Base */ = {isa = PBXFileReference; lastKnownFileType = file.storyboard; name = Base; path = Base.lproj/Main.storyboard; sourceTree = "<group>"; };
		41785ABE1CCDEBB500F1D680 /* Assets.xcassets */ = {isa = PBXFileReference; lastKnownFileType = folder.assetcatalog; path = Assets.xcassets; sourceTree = "<group>"; };
		41785AC11CCDEBB500F1D680 /* Base */ = {isa = PBXFileReference; lastKnownFileType = file.storyboard; name = Base; path = Base.lproj/LaunchScreen.storyboard; sourceTree = "<group>"; };
		41785AC31CCDEBB500F1D680 /* Info.plist */ = {isa = PBXFileReference; lastKnownFileType = text.plist.xml; path = Info.plist; sourceTree = "<group>"; };
		41785ACD1CCDECD000F1D680 /* MDMAppDelegate.h */ = {isa = PBXFileReference; fileEncoding = 4; lastKnownFileType = sourcecode.c.h; path = MDMAppDelegate.h; sourceTree = "<group>"; };
		41785ACE1CCDECD000F1D680 /* MDMAppDelegate.m */ = {isa = PBXFileReference; fileEncoding = 4; lastKnownFileType = sourcecode.c.objc; path = MDMAppDelegate.m; sourceTree = "<group>"; };
		41785AD01CCDED1800F1D680 /* MDMRootVC.h */ = {isa = PBXFileReference; fileEncoding = 4; lastKnownFileType = sourcecode.c.h; path = MDMRootVC.h; sourceTree = "<group>"; };
		41785AD11CCDED1800F1D680 /* MDMRootVC.m */ = {isa = PBXFileReference; fileEncoding = 4; lastKnownFileType = sourcecode.c.objc; path = MDMRootVC.m; sourceTree = "<group>"; };
		41785AD31CCDF0EC00F1D680 /* Pluto.h */ = {isa = PBXFileReference; fileEncoding = 4; lastKnownFileType = sourcecode.c.h; path = Pluto.h; sourceTree = "<group>"; };
		41785AD41CCDF0EC00F1D680 /* Pluto.m */ = {isa = PBXFileReference; fileEncoding = 4; lastKnownFileType = sourcecode.c.objc; path = Pluto.m; sourceTree = "<group>"; };
/* End PBXFileReference section */

/* Begin PBXFrameworksBuildPhase section */
		41785AAC1CCDEBB500F1D680 /* Frameworks */ = {
			isa = PBXFrameworksBuildPhase;
			buildActionMask = 2147483647;
			files = (
			);
			runOnlyForDeploymentPostprocessing = 0;
		};
/* End PBXFrameworksBuildPhase section */

/* Begin PBXGroup section */
		4152275E1DB5CB17005C387B /* Resource */ = {
			isa = PBXGroup;
			children = (
				4152275F1DB5CB17005C387B /* gif.jpg */,
				415227601DB5CB17005C387B /* jpg.JPG */,
				415227611DB5CB17005C387B /* png.png */,
			);
			path = Resource;
			sourceTree = "<group>";
		};
		41785AA61CCDEBB500F1D680 = {
			isa = PBXGroup;
			children = (
				41785AC91CCDEC1E00F1D680 /* Pluto */,
				41785AB11CCDEBB500F1D680 /* PlutoExample */,
				41785AB01CCDEBB500F1D680 /* Products */,
			);
			sourceTree = "<group>";
		};
		41785AB01CCDEBB500F1D680 /* Products */ = {
			isa = PBXGroup;
			children = (
				41785AAF1CCDEBB500F1D680 /* PlutoExample.app */,
			);
			name = Products;
			sourceTree = "<group>";
		};
		41785AB11CCDEBB500F1D680 /* PlutoExample */ = {
			isa = PBXGroup;
			children = (
				41785ACA1CCDEC3200F1D680 /* Classes */,
				41785AB21CCDEBB500F1D680 /* Supporting Files */,
			);
			path = PlutoExample;
			sourceTree = "<group>";
		};
		41785AB21CCDEBB500F1D680 /* Supporting Files */ = {
			isa = PBXGroup;
			children = (
				41785ABB1CCDEBB500F1D680 /* Main.storyboard */,
				41785ABE1CCDEBB500F1D680 /* Assets.xcassets */,
				41785AC01CCDEBB500F1D680 /* LaunchScreen.storyboard */,
				41785AC31CCDEBB500F1D680 /* Info.plist */,
				41785AB31CCDEBB500F1D680 /* main.m */,
			);
			name = "Supporting Files";
			sourceTree = "<group>";
		};
		41785AC91CCDEC1E00F1D680 /* Pluto */ = {
			isa = PBXGroup;
			children = (
				41785AD31CCDF0EC00F1D680 /* Pluto.h */,
				41785AD41CCDF0EC00F1D680 /* Pluto.m */,
				412AE65C1D4F3EC500E80C6C /* PlutoLog.h */,
				412AE65D1D4F3EC500E80C6C /* PlutoLog.m */,
			);
			path = Pluto;
			sourceTree = "<group>";
		};
		41785ACA1CCDEC3200F1D680 /* Classes */ = {
			isa = PBXGroup;
			children = (
				4152275E1DB5CB17005C387B /* Resource */,
				41785ACB1CCDEC9D00F1D680 /* AppDelegate */,
				41785ACC1CCDEC9D00F1D680 /* Sections */,
			);
			path = Classes;
			sourceTree = "<group>";
		};
		41785ACB1CCDEC9D00F1D680 /* AppDelegate */ = {
			isa = PBXGroup;
			children = (
				41785ACD1CCDECD000F1D680 /* MDMAppDelegate.h */,
				41785ACE1CCDECD000F1D680 /* MDMAppDelegate.m */,
			);
			path = AppDelegate;
			sourceTree = "<group>";
		};
		41785ACC1CCDEC9D00F1D680 /* Sections */ = {
			isa = PBXGroup;
			children = (
				41785AD01CCDED1800F1D680 /* MDMRootVC.h */,
				41785AD11CCDED1800F1D680 /* MDMRootVC.m */,
			);
			path = Sections;
			sourceTree = "<group>";
		};
/* End PBXGroup section */

/* Begin PBXNativeTarget section */
		41785AAE1CCDEBB500F1D680 /* PlutoExample */ = {
			isa = PBXNativeTarget;
			buildConfigurationList = 41785AC61CCDEBB500F1D680 /* Build configuration list for PBXNativeTarget "PlutoExample" */;
			buildPhases = (
				41785AAB1CCDEBB500F1D680 /* Sources */,
				41785AAC1CCDEBB500F1D680 /* Frameworks */,
				41785AAD1CCDEBB500F1D680 /* Resources */,
			);
			buildRules = (
			);
			dependencies = (
			);
			name = PlutoExample;
			productName = PlutoExample;
			productReference = 41785AAF1CCDEBB500F1D680 /* PlutoExample.app */;
			productType = "com.apple.product-type.application";
		};
/* End PBXNativeTarget section */

/* Begin PBXProject section */
		41785AA71CCDEBB500F1D680 /* Project object */ = {
			isa = PBXProject;
			attributes = {
				LastUpgradeCheck = 0920;
				ORGANIZATIONNAME = "马德茂";
				TargetAttributes = {
					41785AAE1CCDEBB500F1D680 = {
						CreatedOnToolsVersion = 7.2.1;
						DevelopmentTeam = 8BF66UA5FJ;
					};
				};
			};
			buildConfigurationList = 41785AAA1CCDEBB500F1D680 /* Build configuration list for PBXProject "PlutoExample" */;
			compatibilityVersion = "Xcode 3.2";
			developmentRegion = English;
			hasScannedForEncodings = 0;
			knownRegions = (
				en,
				Base,
			);
			mainGroup = 41785AA61CCDEBB500F1D680;
			productRefGroup = 41785AB01CCDEBB500F1D680 /* Products */;
			projectDirPath = "";
			projectRoot = "";
			targets = (
				41785AAE1CCDEBB500F1D680 /* PlutoExample */,
			);
		};
/* End PBXProject section */

/* Begin PBXResourcesBuildPhase section */
		41785AAD1CCDEBB500F1D680 /* Resources */ = {
			isa = PBXResourcesBuildPhase;
			buildActionMask = 2147483647;
			files = (
				415227621DB5CB17005C387B /* gif.jpg in Resources */,
				41785AC21CCDEBB500F1D680 /* LaunchScreen.storyboard in Resources */,
				41785ABF1CCDEBB500F1D680 /* Assets.xcassets in Resources */,
				415227641DB5CB17005C387B /* png.png in Resources */,
				41785ABD1CCDEBB500F1D680 /* Main.storyboard in Resources */,
				415227631DB5CB17005C387B /* jpg.JPG in Resources */,
			);
			runOnlyForDeploymentPostprocessing = 0;
		};
/* End PBXResourcesBuildPhase section */

/* Begin PBXSourcesBuildPhase section */
		41785AAB1CCDEBB500F1D680 /* Sources */ = {
			isa = PBXSourcesBuildPhase;
			buildActionMask = 2147483647;
			files = (
				41785AD21CCDED1800F1D680 /* MDMRootVC.m in Sources */,
				41785AB41CCDEBB500F1D680 /* main.m in Sources */,
				41785AD51CCDF0EC00F1D680 /* Pluto.m in Sources */,
				412AE65E1D4F3EC500E80C6C /* PlutoLog.m in Sources */,
				41785ACF1CCDECD000F1D680 /* MDMAppDelegate.m in Sources */,
			);
			runOnlyForDeploymentPostprocessing = 0;
		};
/* End PBXSourcesBuildPhase section */

/* Begin PBXVariantGroup section */
		41785ABB1CCDEBB500F1D680 /* Main.storyboard */ = {
			isa = PBXVariantGroup;
			children = (
				41785ABC1CCDEBB500F1D680 /* Base */,
			);
			name = Main.storyboard;
			sourceTree = "<group>";
		};
		41785AC01CCDEBB500F1D680 /* LaunchScreen.storyboard */ = {
			isa = PBXVariantGroup;
			children = (
				41785AC11CCDEBB500F1D680 /* Base */,
			);
			name = LaunchScreen.storyboard;
			sourceTree = "<group>";
		};
/* End PBXVariantGroup section */

/* Begin XCBuildConfiguration section */
		41785AC41CCDEBB500F1D680 /* Debug */ = {
			isa = XCBuildConfiguration;
			buildSettings = {
				ALWAYS_SEARCH_USER_PATHS = NO;
				CLANG_CXX_LANGUAGE_STANDARD = "gnu++0x";
				CLANG_CXX_LIBRARY = "libc++";
				CLANG_ENABLE_MODULES = YES;
				CLANG_ENABLE_OBJC_ARC = YES;
				CLANG_WARN_BLOCK_CAPTURE_AUTORELEASING = YES;
				CLANG_WARN_BOOL_CONVERSION = YES;
				CLANG_WARN_COMMA = YES;
				CLANG_WARN_CONSTANT_CONVERSION = YES;
				CLANG_WARN_DIRECT_OBJC_ISA_USAGE = YES_ERROR;
				CLANG_WARN_EMPTY_BODY = YES;
				CLANG_WARN_ENUM_CONVERSION = YES;
				CLANG_WARN_INFINITE_RECURSION = YES;
				CLANG_WARN_INT_CONVERSION = YES;
				CLANG_WARN_NON_LITERAL_NULL_CONVERSION = YES;
				CLANG_WARN_OBJC_LITERAL_CONVERSION = YES;
				CLANG_WARN_OBJC_ROOT_CLASS = YES_ERROR;
				CLANG_WARN_RANGE_LOOP_ANALYSIS = YES;
				CLANG_WARN_STRICT_PROTOTYPES = YES;
				CLANG_WARN_SUSPICIOUS_MOVE = YES;
				CLANG_WARN_UNREACHABLE_CODE = YES;
				CLANG_WARN__DUPLICATE_METHOD_MATCH = YES;
				"CODE_SIGN_IDENTITY[sdk=iphoneos*]" = "iPhone Developer";
				COPY_PHASE_STRIP = NO;
				DEBUG_INFORMATION_FORMAT = dwarf;
				ENABLE_STRICT_OBJC_MSGSEND = YES;
				ENABLE_TESTABILITY = YES;
				GCC_C_LANGUAGE_STANDARD = gnu99;
				GCC_DYNAMIC_NO_PIC = NO;
				GCC_NO_COMMON_BLOCKS = YES;
				GCC_OPTIMIZATION_LEVEL = 0;
				GCC_PREPROCESSOR_DEFINITIONS = (
					"DEBUG=1",
					"$(inherited)",
				);
				GCC_WARN_64_TO_32_BIT_CONVERSION = YES;
				GCC_WARN_ABOUT_RETURN_TYPE = YES_ERROR;
				GCC_WARN_UNDECLARED_SELECTOR = YES;
				GCC_WARN_UNINITIALIZED_AUTOS = YES_AGGRESSIVE;
				GCC_WARN_UNUSED_FUNCTION = YES;
				GCC_WARN_UNUSED_VARIABLE = YES;
				IPHONEOS_DEPLOYMENT_TARGET = 9.2;
				MTL_ENABLE_DEBUG_INFO = YES;
				ONLY_ACTIVE_ARCH = YES;
				SDKROOT = iphoneos;
			};
			name = Debug;
		};
		41785AC51CCDEBB500F1D680 /* Release */ = {
			isa = XCBuildConfiguration;
			buildSettings = {
				ALWAYS_SEARCH_USER_PATHS = NO;
				CLANG_CXX_LANGUAGE_STANDARD = "gnu++0x";
				CLANG_CXX_LIBRARY = "libc++";
				CLANG_ENABLE_MODULES = YES;
				CLANG_ENABLE_OBJC_ARC = YES;
				CLANG_WARN_BLOCK_CAPTURE_AUTORELEASING = YES;
				CLANG_WARN_BOOL_CONVERSION = YES;
				CLANG_WARN_COMMA = YES;
				CLANG_WARN_CONSTANT_CONVERSION = YES;
				CLANG_WARN_DIRECT_OBJC_ISA_USAGE = YES_ERROR;
				CLANG_WARN_EMPTY_BODY = YES;
				CLANG_WARN_ENUM_CONVERSION = YES;
				CLANG_WARN_INFINITE_RECURSION = YES;
				CLANG_WARN_INT_CONVERSION = YES;
				CLANG_WARN_NON_LITERAL_NULL_CONVERSION = YES;
				CLANG_WARN_OBJC_LITERAL_CONVERSION = YES;
				CLANG_WARN_OBJC_ROOT_CLASS = YES_ERROR;
				CLANG_WARN_RANGE_LOOP_ANALYSIS = YES;
				CLANG_WARN_STRICT_PROTOTYPES = YES;
				CLANG_WARN_SUSPICIOUS_MOVE = YES;
				CLANG_WARN_UNREACHABLE_CODE = YES;
				CLANG_WARN__DUPLICATE_METHOD_MATCH = YES;
				"CODE_SIGN_IDENTITY[sdk=iphoneos*]" = "iPhone Developer";
				COPY_PHASE_STRIP = NO;
				DEBUG_INFORMATION_FORMAT = "dwarf-with-dsym";
				ENABLE_NS_ASSERTIONS = NO;
				ENABLE_STRICT_OBJC_MSGSEND = YES;
				GCC_C_LANGUAGE_STANDARD = gnu99;
				GCC_NO_COMMON_BLOCKS = YES;
				GCC_WARN_64_TO_32_BIT_CONVERSION = YES;
				GCC_WARN_ABOUT_RETURN_TYPE = YES_ERROR;
				GCC_WARN_UNDECLARED_SELECTOR = YES;
				GCC_WARN_UNINITIALIZED_AUTOS = YES_AGGRESSIVE;
				GCC_WARN_UNUSED_FUNCTION = YES;
				GCC_WARN_UNUSED_VARIABLE = YES;
				IPHONEOS_DEPLOYMENT_TARGET = 9.2;
				MTL_ENABLE_DEBUG_INFO = NO;
				SDKROOT = iphoneos;
				VALIDATE_PRODUCT = YES;
			};
			name = Release;
		};
		41785AC71CCDEBB500F1D680 /* Debug */ = {
			isa = XCBuildConfiguration;
			buildSettings = {
				ASSETCATALOG_COMPILER_APPICON_NAME = AppIcon;
				DEVELOPMENT_TEAM = 8BF66UA5FJ;
				INFOPLIST_FILE = PlutoExample/Info.plist;
				LD_RUNPATH_SEARCH_PATHS = "$(inherited) @executable_path/Frameworks";
				PRODUCT_BUNDLE_IDENTIFIER = MDM.PlutoExample;
				PRODUCT_NAME = "$(TARGET_NAME)";
			};
			name = Debug;
		};
		41785AC81CCDEBB500F1D680 /* Release */ = {
			isa = XCBuildConfiguration;
			buildSettings = {
				ASSETCATALOG_COMPILER_APPICON_NAME = AppIcon;
				DEVELOPMENT_TEAM = 8BF66UA5FJ;
				INFOPLIST_FILE = PlutoExample/Info.plist;
				LD_RUNPATH_SEARCH_PATHS = "$(inherited) @executable_path/Frameworks";
				PRODUCT_BUNDLE_IDENTIFIER = MDM.PlutoExample;
				PRODUCT_NAME = "$(TARGET_NAME)";
			};
			name = Release;
		};
/* End XCBuildConfiguration section */

/* Begin XCConfigurationList section */
		41785AAA1CCDEBB500F1D680 /* Build configuration list for PBXProject "PlutoExample" */ = {
			isa = XCConfigurationList;
			buildConfigurations = (
				41785AC41CCDEBB500F1D680 /* Debug */,
				41785AC51CCDEBB500F1D680 /* Release */,
			);
			defaultConfigurationIsVisible = 0;
			defaultConfigurationName = Release;
		};
		41785AC61CCDEBB500F1D680 /* Build configuration list for PBXNativeTarget "PlutoExample" */ = {
			isa = XCConfigurationList;
			buildConfigurations = (
				41785AC71CCDEBB500F1D680 /* Debug */,
				41785AC81CCDEBB500F1D680 /* Release */,
			);
			defaultConfigurationIsVisible = 0;
			defaultConfigurationName = Release;
		};
/* End XCConfigurationList section */
	};
	rootObject = 41785AA71CCDEBB500F1D680 /* Project object */;
}
